
Microsoft Visual Studio Solution File, Format Version 12.00
# Visual Studio 15
VisualStudioVersion = 15.0.26124.0
MinimumVisualStudioVersion = 15.0.26124.0
Project("{FAE04EC0-301F-11D3-BF4B-00C04F79EFBC}") = "Mirai", "Mirai\Mirai.csproj", "{B3335599-4DF2-400B-BEA6-1304FF7B39D5}"
EndProject
Project("{FAE04EC0-301F-11D3-BF4B-00C04F79EFBC}") = "Mirai.Tests", "Mirai.Tests\Mirai.Tests.csproj", "{FB17F616-2C2D-4B8F-AAA9-6F5A204243FE}"
EndProject
Project("{2150E333-8FDC-42A3-9474-1A3956D46DE8}") = "Solution Items", "Solution Items", "{13A3F793-3804-4259-972F-D0D8C89485F6}"
	ProjectSection(SolutionItems) = preProject
		Rules.ruleset = Rules.ruleset
		.editorconfig = .editorconfig
	EndProjectSection
EndProject
Project("{FAE04EC0-301F-11D3-BF4B-00C04F79EFBC}") = "Mirai.Benchmark", "Mirai.Benchmark\Mirai.Benchmark.csproj", "{1091435D-16D5-4EEF-91F8-FC3D5A3F713E}"
EndProject
Global
	GlobalSection(SolutionConfigurationPlatforms) = preSolution
		Debug|Any CPU = Debug|Any CPU
		Debug|x64 = Debug|x64
		Debug|x86 = Debug|x86
		Release|Any CPU = Release|Any CPU
		Release|x64 = Release|x64
		Release|x86 = Release|x86
	EndGlobalSection
	GlobalSection(SolutionProperties) = preSolution
		HideSolutionNode = FALSE
	EndGlobalSection
	GlobalSection(ProjectConfigurationPlatforms) = postSolution
		{B3335599-4DF2-400B-BEA6-1304FF7B39D5}.Debug|Any CPU.ActiveCfg = Debug|Any CPU
		{B3335599-4DF2-400B-BEA6-1304FF7B39D5}.Debug|Any CPU.Build.0 = Debug|Any CPU
		{B3335599-4DF2-400B-BEA6-1304FF7B39D5}.Debug|x64.ActiveCfg = Debug|Any CPU
		{B3335599-4DF2-400B-BEA6-1304FF7B39D5}.Debug|x64.Build.0 = Debug|Any CPU
		{B3335599-4DF2-400B-BEA6-1304FF7B39D5}.Debug|x86.ActiveCfg = Debug|Any CPU
		{B3335599-4DF2-400B-BEA6-1304FF7B39D5}.Debug|x86.Build.0 = Debug|Any CPU
		{B3335599-4DF2-400B-BEA6-1304FF7B39D5}.Release|Any CPU.ActiveCfg = Release|Any CPU
		{B3335599-4DF2-400B-BEA6-1304FF7B39D5}.Release|Any CPU.Build.0 = Release|Any CPU
		{B3335599-4DF2-400B-BEA6-1304FF7B39D5}.Release|x64.ActiveCfg = Release|Any CPU
		{B3335599-4DF2-400B-BEA6-1304FF7B39D5}.Release|x64.Build.0 = Release|Any CPU
		{B3335599-4DF2-400B-BEA6-1304FF7B39D5}.Release|x86.ActiveCfg = Release|Any CPU
		{B3335599-4DF2-400B-BEA6-1304FF7B39D5}.Release|x86.Build.0 = Release|Any CPU
		{FB17F616-2C2D-4B8F-AAA9-6F5A204243FE}.Debug|Any CPU.ActiveCfg = Debug|Any CPU
		{FB17F616-2C2D-4B8F-AAA9-6F5A204243FE}.Debug|Any CPU.Build.0 = Debug|Any CPU
		{FB17F616-2C2D-4B8F-AAA9-6F5A204243FE}.Debug|x64.ActiveCfg = Debug|Any CPU
		{FB17F616-2C2D-4B8F-AAA9-6F5A204243FE}.Debug|x64.Build.0 = Debug|Any CPU
		{FB17F616-2C2D-4B8F-AAA9-6F5A204243FE}.Debug|x86.ActiveCfg = Debug|Any CPU
		{FB17F616-2C2D-4B8F-AAA9-6F5A204243FE}.Debug|x86.Build.0 = Debug|Any CPU
		{FB17F616-2C2D-4B8F-AAA9-6F5A204243FE}.Release|Any CPU.ActiveCfg = Release|Any CPU
		{FB17F616-2C2D-4B8F-AAA9-6F5A204243FE}.Release|Any CPU.Build.0 = Release|Any CPU
		{FB17F616-2C2D-4B8F-AAA9-6F5A204243FE}.Release|x64.ActiveCfg = Release|Any CPU
		{FB17F616-2C2D-4B8F-AAA9-6F5A204243FE}.Release|x64.Build.0 = Release|Any CPU
		{FB17F616-2C2D-4B8F-AAA9-6F5A204243FE}.Release|x86.ActiveCfg = Release|Any CPU
		{FB17F616-2C2D-4B8F-AAA9-6F5A204243FE}.Release|x86.Build.0 = Release|Any CPU
		{1091435D-16D5-4EEF-91F8-FC3D5A3F713E}.Debug|Any CPU.ActiveCfg = Debug|Any CPU
		{1091435D-16D5-4EEF-91F8-FC3D5A3F713E}.Debug|Any CPU.Build.0 = Debug|Any CPU
		{1091435D-16D5-4EEF-91F8-FC3D5A3F713E}.Debug|x64.ActiveCfg = Debug|Any CPU
		{1091435D-16D5-4EEF-91F8-FC3D5A3F713E}.Debug|x64.Build.0 = Debug|Any CPU
		{1091435D-16D5-4EEF-91F8-FC3D5A3F713E}.Debug|x86.ActiveCfg = Debug|Any CPU
		{1091435D-16D5-4EEF-91F8-FC3D5A3F713E}.Debug|x86.Build.0 = Debug|Any CPU
		{1091435D-16D5-4EEF-91F8-FC3D5A3F713E}.Release|Any CPU.ActiveCfg = Release|Any CPU
		{1091435D-16D5-4EEF-91F8-FC3D5A3F713E}.Release|Any CPU.Build.0 = Release|Any CPU
		{1091435D-16D5-4EEF-91F8-FC3D5A3F713E}.Release|x64.ActiveCfg = Release|Any CPU
		{1091435D-16D5-4EEF-91F8-FC3D5A3F713E}.Release|x64.Build.0 = Release|Any CPU
		{1091435D-16D5-4EEF-91F8-FC3D5A3F713E}.Release|x86.ActiveCfg = Release|Any CPU
		{1091435D-16D5-4EEF-91F8-FC3D5A3F713E}.Release|x86.Build.0 = Release|Any CPU
	EndGlobalSection
EndGlobal
